
Microsoft Visual Studio Solution File, Format Version 12.00
# Visual Studio Version 17
VisualStudioVersion = 17.0.31912.275
MinimumVisualStudioVersion = 10.0.40219.1
Project("{8BC9CEB8-8B4A-11D0-8D11-00A0C91BC942}") = "Laborator3Problema2", "Laborator3Problema2\Laborator3Problema2.vcxproj", "{732B5550-54DD-41EB-9C78-55F455C1BA83}"
EndProject
Global
	GlobalSection(SolutionConfigurationPlatforms) = preSolution
		Debug|x64 = Debug|x64
		Debug|x86 = Debug|x86
		Release|x64 = Release|x64
		Release|x86 = Release|x86
	EndGlobalSection
	GlobalSection(ProjectConfigurationPlatforms) = postSolution
		{732B5550-54DD-41EB-9C78-55F455C1BA83}.Debug|x64.ActiveCfg = Debug|x64
		{732B5550-54DD-41EB-9C78-55F455C1BA83}.Debug|x64.Build.0 = Debug|x64
		{732B5550-54DD-41EB-9C78-55F455C1BA83}.Debug|x86.ActiveCfg = Debug|Win32
		{732B5550-54DD-41EB-9C78-55F455C1BA83}.Debug|x86.Build.0 = Debug|Win32
		{732B5550-54DD-41EB-9C78-55F455C1BA83}.Release|x64.ActiveCfg = Release|x64
		{732B5550-54DD-41EB-9C78-55F455C1BA83}.Release|x64.Build.0 = Release|x64
		{732B5550-54DD-41EB-9C78-55F455C1BA83}.Release|x86.ActiveCfg = Release|Win32
		{732B5550-54DD-41EB-9C78-55F455C1BA83}.Release|x86.Build.0 = Release|Win32
	EndGlobalSection
	GlobalSection(SolutionProperties) = preSolution
		HideSolutionNode = FALSE
	EndGlobalSection
	GlobalSection(ExtensibilityGlobals) = postSolution
		SolutionGuid = {8BE04B85-D8CC-4A4A-965B-28D40704E1A6}
	EndGlobalSection
EndGlobal
